
Microsoft Visual Studio Solution File, Format Version 12.00
# Visual Studio Version 17
VisualStudioVersion = 17.7.34031.279
MinimumVisualStudioVersion = 10.0.40219.1
Project("{FAE04EC0-301F-11D3-BF4B-00C04F79EFBC}") = "babyNI-AggregatorAPI", "babyNI-AggregatorAPI\babyNI-AggregatorAPI.csproj", "{CD094F6A-3023-4C47-A495-E93DAFAF2C87}"
EndProject
Global
	GlobalSection(SolutionConfigurationPlatforms) = preSolution
		Debug|Any CPU = Debug|Any CPU
		Release|Any CPU = Release|Any CPU
	EndGlobalSection
	GlobalSection(ProjectConfigurationPlatforms) = postSolution
		{CD094F6A-3023-4C47-A495-E93DAFAF2C87}.Debug|Any CPU.ActiveCfg = Debug|Any CPU
		{CD094F6A-3023-4C47-A495-E93DAFAF2C87}.Debug|Any CPU.Build.0 = Debug|Any CPU
		{CD094F6A-3023-4C47-A495-E93DAFAF2C87}.Release|Any CPU.ActiveCfg = Release|Any CPU
		{CD094F6A-3023-4C47-A495-E93DAFAF2C87}.Release|Any CPU.Build.0 = Release|Any CPU
	EndGlobalSection
	GlobalSection(SolutionProperties) = preSolution
		HideSolutionNode = FALSE
	EndGlobalSection
	GlobalSection(ExtensibilityGlobals) = postSolution
		SolutionGuid = {B33743B6-CBB0-4652-97E1-058A53A642E3}
	EndGlobalSection
EndGlobal
